// !$*UTF8*$!
{
	archiveVersion = 1;
	classes = {
	};
	objectVersion = 48;
	objects = {

/* Begin PBXBuildFile section */
		526CA0D9200394F0009B25A9 /* AppDelegate.swift in Sources */ = {isa = PBXBuildFile; fileRef = 526CA0D8200394F0009B25A9 /* AppDelegate.swift */; };
		526CA0DB200394F0009B25A9 /* ViewController.swift in Sources */ = {isa = PBXBuildFile; fileRef = 526CA0DA200394F0009B25A9 /* ViewController.swift */; };
		526CA0DE200394F0009B25A9 /* Main.storyboard in Resources */ = {isa = PBXBuildFile; fileRef = 526CA0DC200394F0009B25A9 /* Main.storyboard */; };
		526CA0E0200394F0009B25A9 /* Assets.xcassets in Resources */ = {isa = PBXBuildFile; fileRef = 526CA0DF200394F0009B25A9 /* Assets.xcassets */; };
		526CA0E3200394F0009B25A9 /* LaunchScreen.storyboard in Resources */ = {isa = PBXBuildFile; fileRef = 526CA0E1200394F0009B25A9 /* LaunchScreen.storyboard */; };
		526CA0EB2003A1A3009B25A9 /* MapViewController.swift in Sources */ = {isa = PBXBuildFile; fileRef = 526CA0EA2003A1A3009B25A9 /* MapViewController.swift */; };
		52C389022004E3B100545F4F /* UserAnnotationView.swift in Sources */ = {isa = PBXBuildFile; fileRef = 52C389012004E3B100545F4F /* UserAnnotationView.swift */; };
		52C389042004F97E00545F4F /* GMViewController.swift in Sources */ = {isa = PBXBuildFile; fileRef = 52C389032004F97E00545F4F /* GMViewController.swift */; };
		52C389062005143400545F4F /* FirebaseViewController.swift in Sources */ = {isa = PBXBuildFile; fileRef = 52C389052005143400545F4F /* FirebaseViewController.swift */; };
		52C38908200514D900545F4F /* GoogleService-Info.plist in Resources */ = {isa = PBXBuildFile; fileRef = 52C38907200514D900545F4F /* GoogleService-Info.plist */; };
		52C3890B2005234F00545F4F /* EventViewController.swift in Sources */ = {isa = PBXBuildFile; fileRef = 52C3890A2005234F00545F4F /* EventViewController.swift */; };
		B849F312168212AC76D6F0A3 /* libPods-AppLabs.a in Frameworks */ = {isa = PBXBuildFile; fileRef = 8E53754A30CD2177DDC6E82D /* libPods-AppLabs.a */; };
/* End PBXBuildFile section */

/* Begin PBXFileReference section */
		526CA0D5200394F0009B25A9 /* AppLabs.app */ = {isa = PBXFileReference; explicitFileType = wrapper.application; includeInIndex = 0; path = AppLabs.app; sourceTree = BUILT_PRODUCTS_DIR; };
		526CA0D8200394F0009B25A9 /* AppDelegate.swift */ = {isa = PBXFileReference; lastKnownFileType = sourcecode.swift; path = AppDelegate.swift; sourceTree = "<group>"; };
		526CA0DA200394F0009B25A9 /* ViewController.swift */ = {isa = PBXFileReference; lastKnownFileType = sourcecode.swift; path = ViewController.swift; sourceTree = "<group>"; };
		526CA0DD200394F0009B25A9 /* Base */ = {isa = PBXFileReference; lastKnownFileType = file.storyboard; name = Base; path = Base.lproj/Main.storyboard; sourceTree = "<group>"; };
		526CA0DF200394F0009B25A9 /* Assets.xcassets */ = {isa = PBXFileReference; lastKnownFileType = folder.assetcatalog; path = Assets.xcassets; sourceTree = "<group>"; };
		526CA0E2200394F0009B25A9 /* Base */ = {isa = PBXFileReference; lastKnownFileType = file.storyboard; name = Base; path = Base.lproj/LaunchScreen.storyboard; sourceTree = "<group>"; };
		526CA0E4200394F0009B25A9 /* Info.plist */ = {isa = PBXFileReference; lastKnownFileType = text.plist.xml; path = Info.plist; sourceTree = "<group>"; };
		526CA0EA2003A1A3009B25A9 /* MapViewController.swift */ = {isa = PBXFileReference; lastKnownFileType = sourcecode.swift; path = MapViewController.swift; sourceTree = "<group>"; };
		52C389012004E3B100545F4F /* UserAnnotationView.swift */ = {isa = PBXFileReference; lastKnownFileType = sourcecode.swift; path = UserAnnotationView.swift; sourceTree = "<group>"; };
		52C389032004F97E00545F4F /* GMViewController.swift */ = {isa = PBXFileReference; lastKnownFileType = sourcecode.swift; path = GMViewController.swift; sourceTree = "<group>"; };
		52C389052005143400545F4F /* FirebaseViewController.swift */ = {isa = PBXFileReference; lastKnownFileType = sourcecode.swift; path = FirebaseViewController.swift; sourceTree = "<group>"; };
		52C38907200514D900545F4F /* GoogleService-Info.plist */ = {isa = PBXFileReference; fileEncoding = 4; lastKnownFileType = text.plist.xml; path = "GoogleService-Info.plist"; sourceTree = "<group>"; };
		52C3890A2005234F00545F4F /* EventViewController.swift */ = {isa = PBXFileReference; lastKnownFileType = sourcecode.swift; path = EventViewController.swift; sourceTree = "<group>"; };
		78147EC65C1965F5DE6E587B /* Pods-AppLabs.release.xcconfig */ = {isa = PBXFileReference; includeInIndex = 1; lastKnownFileType = text.xcconfig; name = "Pods-AppLabs.release.xcconfig"; path = "Pods/Target Support Files/Pods-AppLabs/Pods-AppLabs.release.xcconfig"; sourceTree = "<group>"; };
		8E53754A30CD2177DDC6E82D /* libPods-AppLabs.a */ = {isa = PBXFileReference; explicitFileType = archive.ar; includeInIndex = 0; path = "libPods-AppLabs.a"; sourceTree = BUILT_PRODUCTS_DIR; };
		CFF849B8E174E0C4EA0FD4EC /* Pods-AppLabs.debug.xcconfig */ = {isa = PBXFileReference; includeInIndex = 1; lastKnownFileType = text.xcconfig; name = "Pods-AppLabs.debug.xcconfig"; path = "Pods/Target Support Files/Pods-AppLabs/Pods-AppLabs.debug.xcconfig"; sourceTree = "<group>"; };
/* End PBXFileReference section */

/* Begin PBXFrameworksBuildPhase section */
		526CA0D2200394F0009B25A9 /* Frameworks */ = {
			isa = PBXFrameworksBuildPhase;
			buildActionMask = 2147483647;
			files = (
				B849F312168212AC76D6F0A3 /* libPods-AppLabs.a in Frameworks */,
			);
			runOnlyForDeploymentPostprocessing = 0;
		};
/* End PBXFrameworksBuildPhase section */

/* Begin PBXGroup section */
		2D30454C63FA30F72537668C /* Frameworks */ = {
			isa = PBXGroup;
			children = (
				8E53754A30CD2177DDC6E82D /* libPods-AppLabs.a */,
			);
			name = Frameworks;
			sourceTree = "<group>";
		};
		526CA0CC200394F0009B25A9 = {
			isa = PBXGroup;
			children = (
				526CA0D7200394F0009B25A9 /* AppLabs */,
				526CA0D6200394F0009B25A9 /* Products */,
				E002E28EBE6CDD887F648F03 /* Pods */,
				2D30454C63FA30F72537668C /* Frameworks */,
			);
			sourceTree = "<group>";
		};
		526CA0D6200394F0009B25A9 /* Products */ = {
			isa = PBXGroup;
			children = (
				526CA0D5200394F0009B25A9 /* AppLabs.app */,
			);
			name = Products;
			sourceTree = "<group>";
		};
		526CA0D7200394F0009B25A9 /* AppLabs */ = {
			isa = PBXGroup;
			children = (
				52C38907200514D900545F4F /* GoogleService-Info.plist */,
				526CA0D8200394F0009B25A9 /* AppDelegate.swift */,
				52C3890A2005234F00545F4F /* EventViewController.swift */,
				52C389032004F97E00545F4F /* GMViewController.swift */,
				52C389052005143400545F4F /* FirebaseViewController.swift */,
				526CA0DA200394F0009B25A9 /* ViewController.swift */,
				526CA0EA2003A1A3009B25A9 /* MapViewController.swift */,
				526CA0DC200394F0009B25A9 /* Main.storyboard */,
				526CA0DF200394F0009B25A9 /* Assets.xcassets */,
				526CA0E1200394F0009B25A9 /* LaunchScreen.storyboard */,
				526CA0E4200394F0009B25A9 /* Info.plist */,
				52C389012004E3B100545F4F /* UserAnnotationView.swift */,
			);
			path = AppLabs;
			sourceTree = "<group>";
		};
		E002E28EBE6CDD887F648F03 /* Pods */ = {
			isa = PBXGroup;
			children = (
				CFF849B8E174E0C4EA0FD4EC /* Pods-AppLabs.debug.xcconfig */,
				78147EC65C1965F5DE6E587B /* Pods-AppLabs.release.xcconfig */,
			);
			name = Pods;
			sourceTree = "<group>";
		};
/* End PBXGroup section */

/* Begin PBXNativeTarget section */
		526CA0D4200394F0009B25A9 /* AppLabs */ = {
			isa = PBXNativeTarget;
			buildConfigurationList = 526CA0E7200394F0009B25A9 /* Build configuration list for PBXNativeTarget "AppLabs" */;
			buildPhases = (
				9F4F28493A293E8B6F51E3F2 /* [CP] Check Pods Manifest.lock */,
				526CA0D1200394F0009B25A9 /* Sources */,
				526CA0D2200394F0009B25A9 /* Frameworks */,
				526CA0D3200394F0009B25A9 /* Resources */,
				55FE8FEB838A7317FB28199F /* [CP] Embed Pods Frameworks */,
				D489B05A349C223FE5FA9428 /* [CP] Copy Pods Resources */,
				52C389092005196100545F4F /* ShellScript */,
			);
			buildRules = (
			);
			dependencies = (
			);
			name = AppLabs;
			productName = AppLabs;
			productReference = 526CA0D5200394F0009B25A9 /* AppLabs.app */;
			productType = "com.apple.product-type.application";
		};
/* End PBXNativeTarget section */

/* Begin PBXProject section */
		526CA0CD200394F0009B25A9 /* Project object */ = {
			isa = PBXProject;
			attributes = {
				LastSwiftUpdateCheck = 0920;
				LastUpgradeCheck = 0920;
				ORGANIZATIONNAME = Grey;
				TargetAttributes = {
					526CA0D4200394F0009B25A9 = {
						CreatedOnToolsVersion = 9.2;
						ProvisioningStyle = Automatic;
					};
				};
			};
			buildConfigurationList = 526CA0D0200394F0009B25A9 /* Build configuration list for PBXProject "AppLabs" */;
			compatibilityVersion = "Xcode 8.0";
			developmentRegion = en;
			hasScannedForEncodings = 0;
			knownRegions = (
				en,
				Base,
			);
			mainGroup = 526CA0CC200394F0009B25A9;
			productRefGroup = 526CA0D6200394F0009B25A9 /* Products */;
			projectDirPath = "";
			projectRoot = "";
			targets = (
				526CA0D4200394F0009B25A9 /* AppLabs */,
			);
		};
/* End PBXProject section */

/* Begin PBXResourcesBuildPhase section */
		526CA0D3200394F0009B25A9 /* Resources */ = {
			isa = PBXResourcesBuildPhase;
			buildActionMask = 2147483647;
			files = (
				526CA0E3200394F0009B25A9 /* LaunchScreen.storyboard in Resources */,
				52C38908200514D900545F4F /* GoogleService-Info.plist in Resources */,
				526CA0E0200394F0009B25A9 /* Assets.xcassets in Resources */,
				526CA0DE200394F0009B25A9 /* Main.storyboard in Resources */,
			);
			runOnlyForDeploymentPostprocessing = 0;
		};
/* End PBXResourcesBuildPhase section */

/* Begin PBXShellScriptBuildPhase section */
		52C389092005196100545F4F /* ShellScript */ = {
			isa = PBXShellScriptBuildPhase;
			buildActionMask = 2147483647;
			files = (
			);
			inputPaths = (
			);
			outputPaths = (
			);
			runOnlyForDeploymentPostprocessing = 0;
			shellPath = /bin/sh;
			shellScript = "\"${PODS_ROOT}/Fabric/run\"";
		};
		55FE8FEB838A7317FB28199F /* [CP] Embed Pods Frameworks */ = {
			isa = PBXShellScriptBuildPhase;
			buildActionMask = 2147483647;
			files = (
			);
			inputPaths = (
			);
			name = "[CP] Embed Pods Frameworks";
			outputPaths = (
			);
			runOnlyForDeploymentPostprocessing = 0;
			shellPath = /bin/sh;
			shellScript = "\"${SRCROOT}/Pods/Target Support Files/Pods-AppLabs/Pods-AppLabs-frameworks.sh\"\n";
			showEnvVarsInLog = 0;
		};
		9F4F28493A293E8B6F51E3F2 /* [CP] Check Pods Manifest.lock */ = {
			isa = PBXShellScriptBuildPhase;
			buildActionMask = 2147483647;
			files = (
			);
			inputPaths = (
			);
			name = "[CP] Check Pods Manifest.lock";
			outputPaths = (
			);
			runOnlyForDeploymentPostprocessing = 0;
			shellPath = /bin/sh;
			shellScript = "diff \"${PODS_ROOT}/../Podfile.lock\" \"${PODS_ROOT}/Manifest.lock\" > /dev/null\nif [ $? != 0 ] ; then\n    # print error to STDERR\n    echo \"error: The sandbox is not in sync with the Podfile.lock. Run 'pod install' or update your CocoaPods installation.\" >&2\n    exit 1\nfi\n";
			showEnvVarsInLog = 0;
		};
		D489B05A349C223FE5FA9428 /* [CP] Copy Pods Resources */ = {
			isa = PBXShellScriptBuildPhase;
			buildActionMask = 2147483647;
			files = (
			);
			inputPaths = (
			);
			name = "[CP] Copy Pods Resources";
			outputPaths = (
			);
			runOnlyForDeploymentPostprocessing = 0;
			shellPath = /bin/sh;
			shellScript = "\"${SRCROOT}/Pods/Target Support Files/Pods-AppLabs/Pods-AppLabs-resources.sh\"\n";
			showEnvVarsInLog = 0;
		};
/* End PBXShellScriptBuildPhase section */

/* Begin PBXSourcesBuildPhase section */
		526CA0D1200394F0009B25A9 /* Sources */ = {
			isa = PBXSourcesBuildPhase;
			buildActionMask = 2147483647;
			files = (
				52C389022004E3B100545F4F /* UserAnnotationView.swift in Sources */,
				526CA0DB200394F0009B25A9 /* ViewController.swift in Sources */,
				52C3890B2005234F00545F4F /* EventViewController.swift in Sources */,
				526CA0EB2003A1A3009B25A9 /* MapViewController.swift in Sources */,
				52C389062005143400545F4F /* FirebaseViewController.swift in Sources */,
				52C389042004F97E00545F4F /* GMViewController.swift in Sources */,
				526CA0D9200394F0009B25A9 /* AppDelegate.swift in Sources */,
			);
			runOnlyForDeploymentPostprocessing = 0;
		};
/* End PBXSourcesBuildPhase section */

/* Begin PBXVariantGroup section */
		526CA0DC200394F0009B25A9 /* Main.storyboard */ = {
			isa = PBXVariantGroup;
			children = (
				526CA0DD200394F0009B25A9 /* Base */,
			);
			name = Main.storyboard;
			sourceTree = "<group>";
		};
		526CA0E1200394F0009B25A9 /* LaunchScreen.storyboard */ = {
			isa = PBXVariantGroup;
			children = (
				526CA0E2200394F0009B25A9 /* Base */,
			);
			name = LaunchScreen.storyboard;
			sourceTree = "<group>";
		};
/* End PBXVariantGroup section */

/* Begin XCBuildConfiguration section */
		526CA0E5200394F0009B25A9 /* Debug */ = {
			isa = XCBuildConfiguration;
			buildSettings = {
				ALWAYS_SEARCH_USER_PATHS = NO;
				CLANG_ANALYZER_NONNULL = YES;
				CLANG_ANALYZER_NUMBER_OBJECT_CONVERSION = YES_AGGRESSIVE;
				CLANG_CXX_LANGUAGE_STANDARD = "gnu++14";
				CLANG_CXX_LIBRARY = "libc++";
				CLANG_ENABLE_MODULES = YES;
				CLANG_ENABLE_OBJC_ARC = YES;
				CLANG_WARN_BLOCK_CAPTURE_AUTORELEASING = YES;
				CLANG_WARN_BOOL_CONVERSION = YES;
				CLANG_WARN_COMMA = YES;
				CLANG_WARN_CONSTANT_CONVERSION = YES;
				CLANG_WARN_DIRECT_OBJC_ISA_USAGE = YES_ERROR;
				CLANG_WARN_DOCUMENTATION_COMMENTS = YES;
				CLANG_WARN_EMPTY_BODY = YES;
				CLANG_WARN_ENUM_CONVERSION = YES;
				CLANG_WARN_INFINITE_RECURSION = YES;
				CLANG_WARN_INT_CONVERSION = YES;
				CLANG_WARN_NON_LITERAL_NULL_CONVERSION = YES;
				CLANG_WARN_OBJC_LITERAL_CONVERSION = YES;
				CLANG_WARN_OBJC_ROOT_CLASS = YES_ERROR;
				CLANG_WARN_RANGE_LOOP_ANALYSIS = YES;
				CLANG_WARN_STRICT_PROTOTYPES = YES;
				CLANG_WARN_SUSPICIOUS_MOVE = YES;
				CLANG_WARN_UNGUARDED_AVAILABILITY = YES_AGGRESSIVE;
				CLANG_WARN_UNREACHABLE_CODE = YES;
				CLANG_WARN__DUPLICATE_METHOD_MATCH = YES;
				CODE_SIGN_IDENTITY = "iPhone Developer";
				COPY_PHASE_STRIP = NO;
				DEBUG_INFORMATION_FORMAT = dwarf;
				ENABLE_STRICT_OBJC_MSGSEND = YES;
				ENABLE_TESTABILITY = YES;
				GCC_C_LANGUAGE_STANDARD = gnu11;
				GCC_DYNAMIC_NO_PIC = NO;
				GCC_NO_COMMON_BLOCKS = YES;
				GCC_OPTIMIZATION_LEVEL = 0;
				GCC_PREPROCESSOR_DEFINITIONS = (
					"DEBUG=1",
					"$(inherited)",
				);
				GCC_WARN_64_TO_32_BIT_CONVERSION = YES;
				GCC_WARN_ABOUT_RETURN_TYPE = YES_ERROR;
				GCC_WARN_UNDECLARED_SELECTOR = YES;
				GCC_WARN_UNINITIALIZED_AUTOS = YES_AGGRESSIVE;
				GCC_WARN_UNUSED_FUNCTION = YES;
				GCC_WARN_UNUSED_VARIABLE = YES;
				IPHONEOS_DEPLOYMENT_TARGET = 11.2;
				MTL_ENABLE_DEBUG_INFO = YES;
				ONLY_ACTIVE_ARCH = YES;
				SDKROOT = iphoneos;
				SWIFT_ACTIVE_COMPILATION_CONDITIONS = DEBUG;
				SWIFT_OPTIMIZATION_LEVEL = "-Onone";
			};
			name = Debug;
		};
		526CA0E6200394F0009B25A9 /* Release */ = {
			isa = XCBuildConfiguration;
			buildSettings = {
				ALWAYS_SEARCH_USER_PATHS = NO;
				CLANG_ANALYZER_NONNULL = YES;
				CLANG_ANALYZER_NUMBER_OBJECT_CONVERSION = YES_AGGRESSIVE;
				CLANG_CXX_LANGUAGE_STANDARD = "gnu++14";
				CLANG_CXX_LIBRARY = "libc++";
				CLANG_ENABLE_MODULES = YES;
				CLANG_ENABLE_OBJC_ARC = YES;
				CLANG_WARN_BLOCK_CAPTURE_AUTORELEASING = YES;
				CLANG_WARN_BOOL_CONVERSION = YES;
				CLANG_WARN_COMMA = YES;
				CLANG_WARN_CONSTANT_CONVERSION = YES;
				CLANG_WARN_DIRECT_OBJC_ISA_USAGE = YES_ERROR;
				CLANG_WARN_DOCUMENTATION_COMMENTS = YES;
				CLANG_WARN_EMPTY_BODY = YES;
				CLANG_WARN_ENUM_CONVERSION = YES;
				CLANG_WARN_INFINITE_RECURSION = YES;
				CLANG_WARN_INT_CONVERSION = YES;
				CLANG_WARN_NON_LITERAL_NULL_CONVERSION = YES;
				CLANG_WARN_OBJC_LITERAL_CONVERSION = YES;
				CLANG_WARN_OBJC_ROOT_CLASS = YES_ERROR;
				CLANG_WARN_RANGE_LOOP_ANALYSIS = YES;
				CLANG_WARN_STRICT_PROTOTYPES = YES;
				CLANG_WARN_SUSPICIOUS_MOVE = YES;
				CLANG_WARN_UNGUARDED_AVAILABILITY = YES_AGGRESSIVE;
				CLANG_WARN_UNREACHABLE_CODE = YES;
				CLANG_WARN__DUPLICATE_METHOD_MATCH = YES;
				CODE_SIGN_IDENTITY = "iPhone Developer";
				COPY_PHASE_STRIP = NO;
				DEBUG_INFORMATION_FORMAT = "dwarf-with-dsym";
				ENABLE_NS_ASSERTIONS = NO;
				ENABLE_STRICT_OBJC_MSGSEND = YES;
				GCC_C_LANGUAGE_STANDARD = gnu11;
				GCC_NO_COMMON_BLOCKS = YES;
				GCC_WARN_64_TO_32_BIT_CONVERSION = YES;
				GCC_WARN_ABOUT_RETURN_TYPE = YES_ERROR;
				GCC_WARN_UNDECLARED_SELECTOR = YES;
				GCC_WARN_UNINITIALIZED_AUTOS = YES_AGGRESSIVE;
				GCC_WARN_UNUSED_FUNCTION = YES;
				GCC_WARN_UNUSED_VARIABLE = YES;
				IPHONEOS_DEPLOYMENT_TARGET = 11.2;
				MTL_ENABLE_DEBUG_INFO = NO;
				SDKROOT = iphoneos;
				SWIFT_OPTIMIZATION_LEVEL = "-Owholemodule";
				VALIDATE_PRODUCT = YES;
			};
			name = Release;
		};
		526CA0E8200394F0009B25A9 /* Debug */ = {
			isa = XCBuildConfiguration;
			baseConfigurationReference = CFF849B8E174E0C4EA0FD4EC /* Pods-AppLabs.debug.xcconfig */;
			buildSettings = {
				ASSETCATALOG_COMPILER_APPICON_NAME = AppIcon;
				CODE_SIGN_STYLE = Automatic;
				DEBUG_INFORMATION_FORMAT = "dwarf-with-dsym";
				DEVELOPMENT_TEAM = K67V66ZCRS;
				INFOPLIST_FILE = AppLabs/Info.plist;
				IPHONEOS_DEPLOYMENT_TARGET = 11.0;
				LD_RUNPATH_SEARCH_PATHS = "$(inherited) @executable_path/Frameworks";
				PRODUCT_BUNDLE_IDENTIFIER = com.grey.AppLabs;
				PRODUCT_NAME = "$(TARGET_NAME)";
				SWIFT_VERSION = 4.0;
				TARGETED_DEVICE_FAMILY = "1,2";
			};
			name = Debug;
		};
		526CA0E9200394F0009B25A9 /* Release */ = {
			isa = XCBuildConfiguration;
			baseConfigurationReference = 78147EC65C1965F5DE6E587B /* Pods-AppLabs.release.xcconfig */;
			buildSettings = {
				ASSETCATALOG_COMPILER_APPICON_NAME = AppIcon;
				CODE_SIGN_STYLE = Automatic;
				DEVELOPMENT_TEAM = K67V66ZCRS;
				INFOPLIST_FILE = AppLabs/Info.plist;
				IPHONEOS_DEPLOYMENT_TARGET = 11.0;
				LD_RUNPATH_SEARCH_PATHS = "$(inherited) @executable_path/Frameworks";
				PRODUCT_BUNDLE_IDENTIFIER = com.grey.AppLabs;
				PRODUCT_NAME = "$(TARGET_NAME)";
				SWIFT_VERSION = 4.0;
				TARGETED_DEVICE_FAMILY = "1,2";
			};
			name = Release;
		};
/* End XCBuildConfiguration section */

/* Begin XCConfigurationList section */
		526CA0D0200394F0009B25A9 /* Build configuration list for PBXProject "AppLabs" */ = {
			isa = XCConfigurationList;
			buildConfigurations = (
				526CA0E5200394F0009B25A9 /* Debug */,
				526CA0E6200394F0009B25A9 /* Release */,
			);
			defaultConfigurationIsVisible = 0;
			defaultConfigurationName = Release;
		};
		526CA0E7200394F0009B25A9 /* Build configuration list for PBXNativeTarget "AppLabs" */ = {
			isa = XCConfigurationList;
			buildConfigurations = (
				526CA0E8200394F0009B25A9 /* Debug */,
				526CA0E9200394F0009B25A9 /* Release */,
			);
			defaultConfigurationIsVisible = 0;
			defaultConfigurationName = Release;
		};
/* End XCConfigurationList section */
	};
	rootObject = 526CA0CD200394F0009B25A9 /* Project object */;
}
